// !$*UTF8*$!
{
	archiveVersion = 1;
	classes = {
	};
	objectVersion = 50;
	objects = {

/* Begin PBXBuildFile section */
		307152842551B15300BC8ADB /* AppDelegate.swift in Sources */ = {isa = PBXBuildFile; fileRef = 307152832551B15300BC8ADB /* AppDelegate.swift */; };
		307152862551B15300BC8ADB /* SceneDelegate.swift in Sources */ = {isa = PBXBuildFile; fileRef = 307152852551B15300BC8ADB /* SceneDelegate.swift */; };
		307152882551B15300BC8ADB /* ViewController.swift in Sources */ = {isa = PBXBuildFile; fileRef = 307152872551B15300BC8ADB /* ViewController.swift */; };
		3071528B2551B15300BC8ADB /* Main.storyboard in Resources */ = {isa = PBXBuildFile; fileRef = 307152892551B15300BC8ADB /* Main.storyboard */; };
		3071528D2551B15700BC8ADB /* Assets.xcassets in Resources */ = {isa = PBXBuildFile; fileRef = 3071528C2551B15700BC8ADB /* Assets.xcassets */; };
		307152902551B15700BC8ADB /* LaunchScreen.storyboard in Resources */ = {isa = PBXBuildFile; fileRef = 3071528E2551B15700BC8ADB /* LaunchScreen.storyboard */; };
		3071529F2551B25A00BC8ADB /* AsynchronousTestCase.swift in Sources */ = {isa = PBXBuildFile; fileRef = 3071529E2551B25A00BC8ADB /* AsynchronousTestCase.swift */; };
		307152AB2551B39A00BC8ADB /* Dog.swift in Sources */ = {isa = PBXBuildFile; fileRef = 307152AA2551B39A00BC8ADB /* Dog.swift */; };
		307152AF2551DF4600BC8ADB /* DependencyInjection.swift in Sources */ = {isa = PBXBuildFile; fileRef = 307152AE2551DF4600BC8ADB /* DependencyInjection.swift */; };
/* End PBXBuildFile section */

/* Begin PBXContainerItemProxy section */
		307152A12551B25A00BC8ADB /* PBXContainerItemProxy */ = {
			isa = PBXContainerItemProxy;
			containerPortal = 307152782551B15300BC8ADB /* Project object */;
			proxyType = 1;
			remoteGlobalIDString = 3071527F2551B15300BC8ADB;
			remoteInfo = httpApiDogs;
		};
/* End PBXContainerItemProxy section */

/* Begin PBXFileReference section */
		307152802551B15300BC8ADB /* httpApiDogs.app */ = {isa = PBXFileReference; explicitFileType = wrapper.application; includeInIndex = 0; path = httpApiDogs.app; sourceTree = BUILT_PRODUCTS_DIR; };
		307152832551B15300BC8ADB /* AppDelegate.swift */ = {isa = PBXFileReference; lastKnownFileType = sourcecode.swift; path = AppDelegate.swift; sourceTree = "<group>"; };
		307152852551B15300BC8ADB /* SceneDelegate.swift */ = {isa = PBXFileReference; lastKnownFileType = sourcecode.swift; path = SceneDelegate.swift; sourceTree = "<group>"; };
		307152872551B15300BC8ADB /* ViewController.swift */ = {isa = PBXFileReference; lastKnownFileType = sourcecode.swift; path = ViewController.swift; sourceTree = "<group>"; };
		3071528A2551B15300BC8ADB /* Base */ = {isa = PBXFileReference; lastKnownFileType = file.storyboard; name = Base; path = Base.lproj/Main.storyboard; sourceTree = "<group>"; };
		3071528C2551B15700BC8ADB /* Assets.xcassets */ = {isa = PBXFileReference; lastKnownFileType = folder.assetcatalog; path = Assets.xcassets; sourceTree = "<group>"; };
		3071528F2551B15700BC8ADB /* Base */ = {isa = PBXFileReference; lastKnownFileType = file.storyboard; name = Base; path = Base.lproj/LaunchScreen.storyboard; sourceTree = "<group>"; };
		307152912551B15700BC8ADB /* Info.plist */ = {isa = PBXFileReference; lastKnownFileType = text.plist.xml; path = Info.plist; sourceTree = "<group>"; };
		3071529C2551B25A00BC8ADB /* httpApiDogsTests.xctest */ = {isa = PBXFileReference; explicitFileType = wrapper.cfbundle; includeInIndex = 0; path = httpApiDogsTests.xctest; sourceTree = BUILT_PRODUCTS_DIR; };
		3071529E2551B25A00BC8ADB /* AsynchronousTestCase.swift */ = {isa = PBXFileReference; lastKnownFileType = sourcecode.swift; path = AsynchronousTestCase.swift; sourceTree = "<group>"; };
		307152A02551B25A00BC8ADB /* Info.plist */ = {isa = PBXFileReference; lastKnownFileType = text.plist.xml; path = Info.plist; sourceTree = "<group>"; };
		307152AA2551B39A00BC8ADB /* Dog.swift */ = {isa = PBXFileReference; lastKnownFileType = sourcecode.swift; path = Dog.swift; sourceTree = "<group>"; };
		307152AE2551DF4600BC8ADB /* DependencyInjection.swift */ = {isa = PBXFileReference; lastKnownFileType = sourcecode.swift; path = DependencyInjection.swift; sourceTree = "<group>"; };
/* End PBXFileReference section */

/* Begin PBXFrameworksBuildPhase section */
		3071527D2551B15300BC8ADB /* Frameworks */ = {
			isa = PBXFrameworksBuildPhase;
			buildActionMask = 2147483647;
			files = (
			);
			runOnlyForDeploymentPostprocessing = 0;
		};
		307152992551B25A00BC8ADB /* Frameworks */ = {
			isa = PBXFrameworksBuildPhase;
			buildActionMask = 2147483647;
			files = (
			);
			runOnlyForDeploymentPostprocessing = 0;
		};
/* End PBXFrameworksBuildPhase section */

/* Begin PBXGroup section */
		307152772551B15300BC8ADB = {
			isa = PBXGroup;
			children = (
				307152822551B15300BC8ADB /* httpApiDogs */,
				3071529D2551B25A00BC8ADB /* httpApiDogsTests */,
				307152812551B15300BC8ADB /* Products */,
			);
			sourceTree = "<group>";
		};
		307152812551B15300BC8ADB /* Products */ = {
			isa = PBXGroup;
			children = (
				307152802551B15300BC8ADB /* httpApiDogs.app */,
				3071529C2551B25A00BC8ADB /* httpApiDogsTests.xctest */,
			);
			name = Products;
			sourceTree = "<group>";
		};
		307152822551B15300BC8ADB /* httpApiDogs */ = {
			isa = PBXGroup;
			children = (
				307152832551B15300BC8ADB /* AppDelegate.swift */,
				307152852551B15300BC8ADB /* SceneDelegate.swift */,
				307152872551B15300BC8ADB /* ViewController.swift */,
				307152892551B15300BC8ADB /* Main.storyboard */,
				3071528C2551B15700BC8ADB /* Assets.xcassets */,
				3071528E2551B15700BC8ADB /* LaunchScreen.storyboard */,
				307152912551B15700BC8ADB /* Info.plist */,
				307152AA2551B39A00BC8ADB /* Dog.swift */,
				307152AE2551DF4600BC8ADB /* DependencyInjection.swift */,
			);
			path = httpApiDogs;
			sourceTree = "<group>";
		};
		3071529D2551B25A00BC8ADB /* httpApiDogsTests */ = {
			isa = PBXGroup;
			children = (
				3071529E2551B25A00BC8ADB /* AsynchronousTestCase.swift */,
				307152A02551B25A00BC8ADB /* Info.plist */,
			);
			path = httpApiDogsTests;
			sourceTree = "<group>";
		};
/* End PBXGroup section */

/* Begin PBXNativeTarget section */
		3071527F2551B15300BC8ADB /* httpApiDogs */ = {
			isa = PBXNativeTarget;
			buildConfigurationList = 307152942551B15700BC8ADB /* Build configuration list for PBXNativeTarget "httpApiDogs" */;
			buildPhases = (
				3071527C2551B15300BC8ADB /* Sources */,
				3071527D2551B15300BC8ADB /* Frameworks */,
				3071527E2551B15300BC8ADB /* Resources */,
			);
			buildRules = (
			);
			dependencies = (
			);
			name = httpApiDogs;
			productName = httpApiDogs;
			productReference = 307152802551B15300BC8ADB /* httpApiDogs.app */;
			productType = "com.apple.product-type.application";
		};
		3071529B2551B25A00BC8ADB /* httpApiDogsTests */ = {
			isa = PBXNativeTarget;
			buildConfigurationList = 307152A32551B25A00BC8ADB /* Build configuration list for PBXNativeTarget "httpApiDogsTests" */;
			buildPhases = (
				307152982551B25A00BC8ADB /* Sources */,
				307152992551B25A00BC8ADB /* Frameworks */,
				3071529A2551B25A00BC8ADB /* Resources */,
			);
			buildRules = (
			);
			dependencies = (
				307152A22551B25A00BC8ADB /* PBXTargetDependency */,
			);
			name = httpApiDogsTests;
			productName = httpApiDogsTests;
			productReference = 3071529C2551B25A00BC8ADB /* httpApiDogsTests.xctest */;
			productType = "com.apple.product-type.bundle.unit-test";
		};
/* End PBXNativeTarget section */

/* Begin PBXProject section */
		307152782551B15300BC8ADB /* Project object */ = {
			isa = PBXProject;
			attributes = {
				LastSwiftUpdateCheck = 1200;
				LastUpgradeCheck = 1200;
				TargetAttributes = {
					3071527F2551B15300BC8ADB = {
						CreatedOnToolsVersion = 12.0.1;
					};
					3071529B2551B25A00BC8ADB = {
						CreatedOnToolsVersion = 12.0.1;
						TestTargetID = 3071527F2551B15300BC8ADB;
					};
				};
			};
			buildConfigurationList = 3071527B2551B15300BC8ADB /* Build configuration list for PBXProject "httpApiDogs" */;
			compatibilityVersion = "Xcode 9.3";
			developmentRegion = en;
			hasScannedForEncodings = 0;
			knownRegions = (
				en,
				Base,
			);
			mainGroup = 307152772551B15300BC8ADB;
			productRefGroup = 307152812551B15300BC8ADB /* Products */;
			projectDirPath = "";
			projectRoot = "";
			targets = (
				3071527F2551B15300BC8ADB /* httpApiDogs */,
				3071529B2551B25A00BC8ADB /* httpApiDogsTests */,
			);
		};
/* End PBXProject section */

/* Begin PBXResourcesBuildPhase section */
		3071527E2551B15300BC8ADB /* Resources */ = {
			isa = PBXResourcesBuildPhase;
			buildActionMask = 2147483647;
			files = (
				307152902551B15700BC8ADB /* LaunchScreen.storyboard in Resources */,
				3071528D2551B15700BC8ADB /* Assets.xcassets in Resources */,
				3071528B2551B15300BC8ADB /* Main.storyboard in Resources */,
			);
			runOnlyForDeploymentPostprocessing = 0;
		};
		3071529A2551B25A00BC8ADB /* Resources */ = {
			isa = PBXResourcesBuildPhase;
			buildActionMask = 2147483647;
			files = (
			);
			runOnlyForDeploymentPostprocessing = 0;
		};
/* End PBXResourcesBuildPhase section */

/* Begin PBXSourcesBuildPhase section */
		3071527C2551B15300BC8ADB /* Sources */ = {
			isa = PBXSourcesBuildPhase;
			buildActionMask = 2147483647;
			files = (
				307152882551B15300BC8ADB /* ViewController.swift in Sources */,
				307152842551B15300BC8ADB /* AppDelegate.swift in Sources */,
				307152AB2551B39A00BC8ADB /* Dog.swift in Sources */,
				307152862551B15300BC8ADB /* SceneDelegate.swift in Sources */,
				307152AF2551DF4600BC8ADB /* DependencyInjection.swift in Sources */,
			);
			runOnlyForDeploymentPostprocessing = 0;
		};
		307152982551B25A00BC8ADB /* Sources */ = {
			isa = PBXSourcesBuildPhase;
			buildActionMask = 2147483647;
			files = (
				3071529F2551B25A00BC8ADB /* AsynchronousTestCase.swift in Sources */,
			);
			runOnlyForDeploymentPostprocessing = 0;
		};
/* End PBXSourcesBuildPhase section */

/* Begin PBXTargetDependency section */
		307152A22551B25A00BC8ADB /* PBXTargetDependency */ = {
			isa = PBXTargetDependency;
			target = 3071527F2551B15300BC8ADB /* httpApiDogs */;
			targetProxy = 307152A12551B25A00BC8ADB /* PBXContainerItemProxy */;
		};
/* End PBXTargetDependency section */

/* Begin PBXVariantGroup section */
		307152892551B15300BC8ADB /* Main.storyboard */ = {
			isa = PBXVariantGroup;
			children = (
				3071528A2551B15300BC8ADB /* Base */,
			);
			name = Main.storyboard;
			sourceTree = "<group>";
		};
		3071528E2551B15700BC8ADB /* LaunchScreen.storyboard */ = {
			isa = PBXVariantGroup;
			children = (
				3071528F2551B15700BC8ADB /* Base */,
			);
			name = LaunchScreen.storyboard;
			sourceTree = "<group>";
		};
/* End PBXVariantGroup section */

/* Begin XCBuildConfiguration section */
		307152922551B15700BC8ADB /* Debug */ = {
			isa = XCBuildConfiguration;
			buildSettings = {
				ALWAYS_SEARCH_USER_PATHS = NO;
				CLANG_ANALYZER_NONNULL = YES;
				CLANG_ANALYZER_NUMBER_OBJECT_CONVERSION = YES_AGGRESSIVE;
				CLANG_CXX_LANGUAGE_STANDARD = "gnu++14";
				CLANG_CXX_LIBRARY = "libc++";
				CLANG_ENABLE_MODULES = YES;
				CLANG_ENABLE_OBJC_ARC = YES;
				CLANG_ENABLE_OBJC_WEAK = YES;
				CLANG_WARN_BLOCK_CAPTURE_AUTORELEASING = YES;
				CLANG_WARN_BOOL_CONVERSION = YES;
				CLANG_WARN_COMMA = YES;
				CLANG_WARN_CONSTANT_CONVERSION = YES;
				CLANG_WARN_DEPRECATED_OBJC_IMPLEMENTATIONS = YES;
				CLANG_WARN_DIRECT_OBJC_ISA_USAGE = YES_ERROR;
				CLANG_WARN_DOCUMENTATION_COMMENTS = YES;
				CLANG_WARN_EMPTY_BODY = YES;
				CLANG_WARN_ENUM_CONVERSION = YES;
				CLANG_WARN_INFINITE_RECURSION = YES;
				CLANG_WARN_INT_CONVERSION = YES;
				CLANG_WARN_NON_LITERAL_NULL_CONVERSION = YES;
				CLANG_WARN_OBJC_IMPLICIT_RETAIN_SELF = YES;
				CLANG_WARN_OBJC_LITERAL_CONVERSION = YES;
				CLANG_WARN_OBJC_ROOT_CLASS = YES_ERROR;
				CLANG_WARN_QUOTED_INCLUDE_IN_FRAMEWORK_HEADER = YES;
				CLANG_WARN_RANGE_LOOP_ANALYSIS = YES;
				CLANG_WARN_STRICT_PROTOTYPES = YES;
				CLANG_WARN_SUSPICIOUS_MOVE = YES;
				CLANG_WARN_UNGUARDED_AVAILABILITY = YES_AGGRESSIVE;
				CLANG_WARN_UNREACHABLE_CODE = YES;
				CLANG_WARN__DUPLICATE_METHOD_MATCH = YES;
				COPY_PHASE_STRIP = NO;
				DEBUG_INFORMATION_FORMAT = dwarf;
				ENABLE_STRICT_OBJC_MSGSEND = YES;
				ENABLE_TESTABILITY = YES;
				GCC_C_LANGUAGE_STANDARD = gnu11;
				GCC_DYNAMIC_NO_PIC = NO;
				GCC_NO_COMMON_BLOCKS = YES;
				GCC_OPTIMIZATION_LEVEL = 0;
				GCC_PREPROCESSOR_DEFINITIONS = (
					"DEBUG=1",
					"$(inherited)",
				);
				GCC_WARN_64_TO_32_BIT_CONVERSION = YES;
				GCC_WARN_ABOUT_RETURN_TYPE = YES_ERROR;
				GCC_WARN_UNDECLARED_SELECTOR = YES;
				GCC_WARN_UNINITIALIZED_AUTOS = YES_AGGRESSIVE;
				GCC_WARN_UNUSED_FUNCTION = YES;
				GCC_WARN_UNUSED_VARIABLE = YES;
				IPHONEOS_DEPLOYMENT_TARGET = 14.0;
				MTL_ENABLE_DEBUG_INFO = INCLUDE_SOURCE;
				MTL_FAST_MATH = YES;
				ONLY_ACTIVE_ARCH = YES;
				SDKROOT = iphoneos;
				SWIFT_ACTIVE_COMPILATION_CONDITIONS = DEBUG;
				SWIFT_OPTIMIZATION_LEVEL = "-Onone";
			};
			name = Debug;
		};
		307152932551B15700BC8ADB /* Release */ = {
			isa = XCBuildConfiguration;
			buildSettings = {
				ALWAYS_SEARCH_USER_PATHS = NO;
				CLANG_ANALYZER_NONNULL = YES;
				CLANG_ANALYZER_NUMBER_OBJECT_CONVERSION = YES_AGGRESSIVE;
				CLANG_CXX_LANGUAGE_STANDARD = "gnu++14";
				CLANG_CXX_LIBRARY = "libc++";
				CLANG_ENABLE_MODULES = YES;
				CLANG_ENABLE_OBJC_ARC = YES;
				CLANG_ENABLE_OBJC_WEAK = YES;
				CLANG_WARN_BLOCK_CAPTURE_AUTORELEASING = YES;
				CLANG_WARN_BOOL_CONVERSION = YES;
				CLANG_WARN_COMMA = YES;
				CLANG_WARN_CONSTANT_CONVERSION = YES;
				CLANG_WARN_DEPRECATED_OBJC_IMPLEMENTATIONS = YES;
				CLANG_WARN_DIRECT_OBJC_ISA_USAGE = YES_ERROR;
				CLANG_WARN_DOCUMENTATION_COMMENTS = YES;
				CLANG_WARN_EMPTY_BODY = YES;
				CLANG_WARN_ENUM_CONVERSION = YES;
				CLANG_WARN_INFINITE_RECURSION = YES;
				CLANG_WARN_INT_CONVERSION = YES;
				CLANG_WARN_NON_LITERAL_NULL_CONVERSION = YES;
				CLANG_WARN_OBJC_IMPLICIT_RETAIN_SELF = YES;
				CLANG_WARN_OBJC_LITERAL_CONVERSION = YES;
				CLANG_WARN_OBJC_ROOT_CLASS = YES_ERROR;
				CLANG_WARN_QUOTED_INCLUDE_IN_FRAMEWORK_HEADER = YES;
				CLANG_WARN_RANGE_LOOP_ANALYSIS = YES;
				CLANG_WARN_STRICT_PROTOTYPES = YES;
				CLANG_WARN_SUSPICIOUS_MOVE = YES;
				CLANG_WARN_UNGUARDED_AVAILABILITY = YES_AGGRESSIVE;
				CLANG_WARN_UNREACHABLE_CODE = YES;
				CLANG_WARN__DUPLICATE_METHOD_MATCH = YES;
				COPY_PHASE_STRIP = NO;
				DEBUG_INFORMATION_FORMAT = "dwarf-with-dsym";
				ENABLE_NS_ASSERTIONS = NO;
				ENABLE_STRICT_OBJC_MSGSEND = YES;
				GCC_C_LANGUAGE_STANDARD = gnu11;
				GCC_NO_COMMON_BLOCKS = YES;
				GCC_WARN_64_TO_32_BIT_CONVERSION = YES;
				GCC_WARN_ABOUT_RETURN_TYPE = YES_ERROR;
				GCC_WARN_UNDECLARED_SELECTOR = YES;
				GCC_WARN_UNINITIALIZED_AUTOS = YES_AGGRESSIVE;
				GCC_WARN_UNUSED_FUNCTION = YES;
				GCC_WARN_UNUSED_VARIABLE = YES;
				IPHONEOS_DEPLOYMENT_TARGET = 14.0;
				MTL_ENABLE_DEBUG_INFO = NO;
				MTL_FAST_MATH = YES;
				SDKROOT = iphoneos;
				SWIFT_COMPILATION_MODE = wholemodule;
				SWIFT_OPTIMIZATION_LEVEL = "-O";
				VALIDATE_PRODUCT = YES;
			};
			name = Release;
		};
		307152952551B15700BC8ADB /* Debug */ = {
			isa = XCBuildConfiguration;
			buildSettings = {
				ASSETCATALOG_COMPILER_APPICON_NAME = AppIcon;
				ASSETCATALOG_COMPILER_GLOBAL_ACCENT_COLOR_NAME = AccentColor;
				CODE_SIGN_STYLE = Automatic;
				INFOPLIST_FILE = httpApiDogs/Info.plist;
				LD_RUNPATH_SEARCH_PATHS = (
					"$(inherited)",
					"@executable_path/Frameworks",
				);
				PRODUCT_BUNDLE_IDENTIFIER = com.josrangel.httpApiDogs;
				PRODUCT_NAME = "$(TARGET_NAME)";
				SWIFT_VERSION = 5.0;
				TARGETED_DEVICE_FAMILY = "1,2";
			};
			name = Debug;
		};
		307152962551B15700BC8ADB /* Release */ = {
			isa = XCBuildConfiguration;
			buildSettings = {
				ASSETCATALOG_COMPILER_APPICON_NAME = AppIcon;
				ASSETCATALOG_COMPILER_GLOBAL_ACCENT_COLOR_NAME = AccentColor;
				CODE_SIGN_STYLE = Automatic;
				INFOPLIST_FILE = httpApiDogs/Info.plist;
				LD_RUNPATH_SEARCH_PATHS = (
					"$(inherited)",
					"@executable_path/Frameworks",
				);
				PRODUCT_BUNDLE_IDENTIFIER = com.josrangel.httpApiDogs;
				PRODUCT_NAME = "$(TARGET_NAME)";
				SWIFT_VERSION = 5.0;
				TARGETED_DEVICE_FAMILY = "1,2";
			};
			name = Release;
		};
		307152A42551B25A00BC8ADB /* Debug */ = {
			isa = XCBuildConfiguration;
			buildSettings = {
				BUNDLE_LOADER = "$(TEST_HOST)";
				CODE_SIGN_STYLE = Automatic;
				INFOPLIST_FILE = httpApiDogsTests/Info.plist;
				LD_RUNPATH_SEARCH_PATHS = (
					"$(inherited)",
					"@executable_path/Frameworks",
					"@loader_path/Frameworks",
				);
				PRODUCT_BUNDLE_IDENTIFIER = com.josrangel.httpApiDogsTests;
				PRODUCT_NAME = "$(TARGET_NAME)";
				SWIFT_VERSION = 5.0;
				TARGETED_DEVICE_FAMILY = "1,2";
				TEST_HOST = "$(BUILT_PRODUCTS_DIR)/httpApiDogs.app/httpApiDogs";
			};
			name = Debug;
		};
		307152A52551B25A00BC8ADB /* Release */ = {
			isa = XCBuildConfiguration;
			buildSettings = {
				BUNDLE_LOADER = "$(TEST_HOST)";
				CODE_SIGN_STYLE = Automatic;
				INFOPLIST_FILE = httpApiDogsTests/Info.plist;
				LD_RUNPATH_SEARCH_PATHS = (
					"$(inherited)",
					"@executable_path/Frameworks",
					"@loader_path/Frameworks",
				);
				PRODUCT_BUNDLE_IDENTIFIER = com.josrangel.httpApiDogsTests;
				PRODUCT_NAME = "$(TARGET_NAME)";
				SWIFT_VERSION = 5.0;
				TARGETED_DEVICE_FAMILY = "1,2";
				TEST_HOST = "$(BUILT_PRODUCTS_DIR)/httpApiDogs.app/httpApiDogs";
			};
			name = Release;
		};
/* End XCBuildConfiguration section */

/* Begin XCConfigurationList section */
		3071527B2551B15300BC8ADB /* Build configuration list for PBXProject "httpApiDogs" */ = {
			isa = XCConfigurationList;
			buildConfigurations = (
				307152922551B15700BC8ADB /* Debug */,
				307152932551B15700BC8ADB /* Release */,
			);
			defaultConfigurationIsVisible = 0;
			defaultConfigurationName = Release;
		};
		307152942551B15700BC8ADB /* Build configuration list for PBXNativeTarget "httpApiDogs" */ = {
			isa = XCConfigurationList;
			buildConfigurations = (
				307152952551B15700BC8ADB /* Debug */,
				307152962551B15700BC8ADB /* Release */,
			);
			defaultConfigurationIsVisible = 0;
			defaultConfigurationName = Release;
		};
		307152A32551B25A00BC8ADB /* Build configuration list for PBXNativeTarget "httpApiDogsTests" */ = {
			isa = XCConfigurationList;
			buildConfigurations = (
				307152A42551B25A00BC8ADB /* Debug */,
				307152A52551B25A00BC8ADB /* Release */,
			);
			defaultConfigurationIsVisible = 0;
			defaultConfigurationName = Release;
		};
/* End XCConfigurationList section */
	};
	rootObject = 307152782551B15300BC8ADB /* Project object */;
}
